// !$*UTF8*$!
{
	archiveVersion = 1;
	classes = {
	};
	objectVersion = 56;
	objects = {

/* Begin PBXBuildFile section */
		2E4CA3942A340B3F00B0B289 /* LibraryViewContent.swift in Sources */ = {isa = PBXBuildFile; fileRef = 2E4CA3932A340B3F00B0B289 /* LibraryViewContent.swift */; };
		2E4CA3982A3413F100B0B289 /* PhotoPicker.swift in Sources */ = {isa = PBXBuildFile; fileRef = 2E4CA3972A3413F100B0B289 /* PhotoPicker.swift */; };
		2E4CA39A2A3427FE00B0B289 /* ProfileImage.swift in Sources */ = {isa = PBXBuildFile; fileRef = 2E4CA3992A3427FE00B0B289 /* ProfileImage.swift */; };
		2E4CA3A02A3442DB00B0B289 /* ProfileViewModel.swift in Sources */ = {isa = PBXBuildFile; fileRef = 2E4CA39F2A3442DB00B0B289 /* ProfileViewModel.swift */; };
		2E55BBC42A330A0200CAB345 /* CacheAsyncImageApp.swift in Sources */ = {isa = PBXBuildFile; fileRef = 2E55BBC32A330A0200CAB345 /* CacheAsyncImageApp.swift */; };
		2E55BBC62A330A0200CAB345 /* ContentView.swift in Sources */ = {isa = PBXBuildFile; fileRef = 2E55BBC52A330A0200CAB345 /* ContentView.swift */; };
		2E55BBC82A330A0300CAB345 /* Assets.xcassets in Resources */ = {isa = PBXBuildFile; fileRef = 2E55BBC72A330A0300CAB345 /* Assets.xcassets */; };
		2E55BBCB2A330A0300CAB345 /* Preview Assets.xcassets in Resources */ = {isa = PBXBuildFile; fileRef = 2E55BBCA2A330A0300CAB345 /* Preview Assets.xcassets */; };
		2E55BBD22A330A2200CAB345 /* CachedAsyncImage.swift in Sources */ = {isa = PBXBuildFile; fileRef = 2E55BBD12A330A2200CAB345 /* CachedAsyncImage.swift */; };
		2E55BBD42A33251500CAB345 /* CachedAsyncImageViewModel.swift in Sources */ = {isa = PBXBuildFile; fileRef = 2E55BBD32A33251500CAB345 /* CachedAsyncImageViewModel.swift */; };
/* End PBXBuildFile section */

/* Begin PBXFileReference section */
		2E4CA3932A340B3F00B0B289 /* LibraryViewContent.swift */ = {isa = PBXFileReference; lastKnownFileType = sourcecode.swift; path = LibraryViewContent.swift; sourceTree = "<group>"; };
		2E4CA3972A3413F100B0B289 /* PhotoPicker.swift */ = {isa = PBXFileReference; lastKnownFileType = sourcecode.swift; path = PhotoPicker.swift; sourceTree = "<group>"; };
		2E4CA3992A3427FE00B0B289 /* ProfileImage.swift */ = {isa = PBXFileReference; lastKnownFileType = sourcecode.swift; path = ProfileImage.swift; sourceTree = "<group>"; };
		2E4CA39F2A3442DB00B0B289 /* ProfileViewModel.swift */ = {isa = PBXFileReference; lastKnownFileType = sourcecode.swift; path = ProfileViewModel.swift; sourceTree = "<group>"; };
		2E55BBC02A330A0200CAB345 /* CacheAsyncImage.app */ = {isa = PBXFileReference; explicitFileType = wrapper.application; includeInIndex = 0; path = CacheAsyncImage.app; sourceTree = BUILT_PRODUCTS_DIR; };
		2E55BBC32A330A0200CAB345 /* CacheAsyncImageApp.swift */ = {isa = PBXFileReference; lastKnownFileType = sourcecode.swift; path = CacheAsyncImageApp.swift; sourceTree = "<group>"; };
		2E55BBC52A330A0200CAB345 /* ContentView.swift */ = {isa = PBXFileReference; lastKnownFileType = sourcecode.swift; path = ContentView.swift; sourceTree = "<group>"; };
		2E55BBC72A330A0300CAB345 /* Assets.xcassets */ = {isa = PBXFileReference; lastKnownFileType = folder.assetcatalog; path = Assets.xcassets; sourceTree = "<group>"; };
		2E55BBCA2A330A0300CAB345 /* Preview Assets.xcassets */ = {isa = PBXFileReference; lastKnownFileType = folder.assetcatalog; path = "Preview Assets.xcassets"; sourceTree = "<group>"; };
		2E55BBD12A330A2200CAB345 /* CachedAsyncImage.swift */ = {isa = PBXFileReference; lastKnownFileType = sourcecode.swift; path = CachedAsyncImage.swift; sourceTree = "<group>"; };
		2E55BBD32A33251500CAB345 /* CachedAsyncImageViewModel.swift */ = {isa = PBXFileReference; lastKnownFileType = sourcecode.swift; path = CachedAsyncImageViewModel.swift; sourceTree = "<group>"; };
/* End PBXFileReference section */

/* Begin PBXFrameworksBuildPhase section */
		2E55BBBD2A330A0200CAB345 /* Frameworks */ = {
			isa = PBXFrameworksBuildPhase;
			buildActionMask = 2147483647;
			files = (
			);
			runOnlyForDeploymentPostprocessing = 0;
		};
/* End PBXFrameworksBuildPhase section */

/* Begin PBXGroup section */
		2E4CA3A12A34690400B0B289 /* Profile */ = {
			isa = PBXGroup;
			children = (
				2E4CA39F2A3442DB00B0B289 /* ProfileViewModel.swift */,
				2E4CA3972A3413F100B0B289 /* PhotoPicker.swift */,
				2E4CA3992A3427FE00B0B289 /* ProfileImage.swift */,
			);
			path = Profile;
			sourceTree = "<group>";
		};
		2E4CA3A22A34692F00B0B289 /* CachedAsyncImage */ = {
			isa = PBXGroup;
			children = (
				2E55BBD32A33251500CAB345 /* CachedAsyncImageViewModel.swift */,
				2E55BBD12A330A2200CAB345 /* CachedAsyncImage.swift */,
			);
			path = CachedAsyncImage;
			sourceTree = "<group>";
		};
		2E55BBB72A330A0200CAB345 = {
			isa = PBXGroup;
			children = (
				2E55BBC22A330A0200CAB345 /* CacheAsyncImage */,
				2E55BBC12A330A0200CAB345 /* Products */,
			);
			sourceTree = "<group>";
		};
		2E55BBC12A330A0200CAB345 /* Products */ = {
			isa = PBXGroup;
			children = (
				2E55BBC02A330A0200CAB345 /* CacheAsyncImage.app */,
			);
			name = Products;
			sourceTree = "<group>";
		};
		2E55BBC22A330A0200CAB345 /* CacheAsyncImage */ = {
			isa = PBXGroup;
			children = (
				2E4CA3A22A34692F00B0B289 /* CachedAsyncImage */,
				2E4CA3A12A34690400B0B289 /* Profile */,
				2E55BBC32A330A0200CAB345 /* CacheAsyncImageApp.swift */,
				2E55BBC52A330A0200CAB345 /* ContentView.swift */,
				2E4CA3932A340B3F00B0B289 /* LibraryViewContent.swift */,
				2E55BBC72A330A0300CAB345 /* Assets.xcassets */,
				2E55BBC92A330A0300CAB345 /* Preview Content */,
			);
			path = CacheAsyncImage;
			sourceTree = "<group>";
		};
		2E55BBC92A330A0300CAB345 /* Preview Content */ = {
			isa = PBXGroup;
			children = (
				2E55BBCA2A330A0300CAB345 /* Preview Assets.xcassets */,
			);
			path = "Preview Content";
			sourceTree = "<group>";
		};
/* End PBXGroup section */

/* Begin PBXNativeTarget section */
		2E55BBBF2A330A0200CAB345 /* CacheAsyncImage */ = {
			isa = PBXNativeTarget;
			buildConfigurationList = 2E55BBCE2A330A0300CAB345 /* Build configuration list for PBXNativeTarget "CacheAsyncImage" */;
			buildPhases = (
				2E55BBBC2A330A0200CAB345 /* Sources */,
				2E55BBBD2A330A0200CAB345 /* Frameworks */,
				2E55BBBE2A330A0200CAB345 /* Resources */,
			);
			buildRules = (
			);
			dependencies = (
			);
			name = CacheAsyncImage;
			productName = CacheAsyncImage;
			productReference = 2E55BBC02A330A0200CAB345 /* CacheAsyncImage.app */;
			productType = "com.apple.product-type.application";
		};
/* End PBXNativeTarget section */

/* Begin PBXProject section */
		2E55BBB82A330A0200CAB345 /* Project object */ = {
			isa = PBXProject;
			attributes = {
				BuildIndependentTargetsInParallel = 1;
				LastSwiftUpdateCheck = 1430;
				LastUpgradeCheck = 1430;
				TargetAttributes = {
					2E55BBBF2A330A0200CAB345 = {
						CreatedOnToolsVersion = 14.3.1;
					};
				};
			};
			buildConfigurationList = 2E55BBBB2A330A0200CAB345 /* Build configuration list for PBXProject "CacheAsyncImage" */;
			compatibilityVersion = "Xcode 14.0";
			developmentRegion = en;
			hasScannedForEncodings = 0;
			knownRegions = (
				en,
				Base,
			);
			mainGroup = 2E55BBB72A330A0200CAB345;
			productRefGroup = 2E55BBC12A330A0200CAB345 /* Products */;
			projectDirPath = "";
			projectRoot = "";
			targets = (
				2E55BBBF2A330A0200CAB345 /* CacheAsyncImage */,
			);
		};
/* End PBXProject section */

/* Begin PBXResourcesBuildPhase section */
		2E55BBBE2A330A0200CAB345 /* Resources */ = {
			isa = PBXResourcesBuildPhase;
			buildActionMask = 2147483647;
			files = (
				2E55BBCB2A330A0300CAB345 /* Preview Assets.xcassets in Resources */,
				2E55BBC82A330A0300CAB345 /* Assets.xcassets in Resources */,
			);
			runOnlyForDeploymentPostprocessing = 0;
		};
/* End PBXResourcesBuildPhase section */

/* Begin PBXSourcesBuildPhase section */
		2E55BBBC2A330A0200CAB345 /* Sources */ = {
			isa = PBXSourcesBuildPhase;
			buildActionMask = 2147483647;
			files = (
				2E4CA3982A3413F100B0B289 /* PhotoPicker.swift in Sources */,
				2E55BBC62A330A0200CAB345 /* ContentView.swift in Sources */,
				2E4CA3A02A3442DB00B0B289 /* ProfileViewModel.swift in Sources */,
				2E55BBD42A33251500CAB345 /* CachedAsyncImageViewModel.swift in Sources */,
				2E4CA39A2A3427FE00B0B289 /* ProfileImage.swift in Sources */,
				2E4CA3942A340B3F00B0B289 /* LibraryViewContent.swift in Sources */,
				2E55BBD22A330A2200CAB345 /* CachedAsyncImage.swift in Sources */,
				2E55BBC42A330A0200CAB345 /* CacheAsyncImageApp.swift in Sources */,
			);
			runOnlyForDeploymentPostprocessing = 0;
		};
/* End PBXSourcesBuildPhase section */

/* Begin XCBuildConfiguration section */
		2E55BBCC2A330A0300CAB345 /* Debug */ = {
			isa = XCBuildConfiguration;
			buildSettings = {
				ALWAYS_SEARCH_USER_PATHS = NO;
				CLANG_ANALYZER_NONNULL = YES;
				CLANG_ANALYZER_NUMBER_OBJECT_CONVERSION = YES_AGGRESSIVE;
				CLANG_CXX_LANGUAGE_STANDARD = "gnu++20";
				CLANG_ENABLE_MODULES = YES;
				CLANG_ENABLE_OBJC_ARC = YES;
				CLANG_ENABLE_OBJC_WEAK = YES;
				CLANG_WARN_BLOCK_CAPTURE_AUTORELEASING = YES;
				CLANG_WARN_BOOL_CONVERSION = YES;
				CLANG_WARN_COMMA = YES;
				CLANG_WARN_CONSTANT_CONVERSION = YES;
				CLANG_WARN_DEPRECATED_OBJC_IMPLEMENTATIONS = YES;
				CLANG_WARN_DIRECT_OBJC_ISA_USAGE = YES_ERROR;
				CLANG_WARN_DOCUMENTATION_COMMENTS = YES;
				CLANG_WARN_EMPTY_BODY = YES;
				CLANG_WARN_ENUM_CONVERSION = YES;
				CLANG_WARN_INFINITE_RECURSION = YES;
				CLANG_WARN_INT_CONVERSION = YES;
				CLANG_WARN_NON_LITERAL_NULL_CONVERSION = YES;
				CLANG_WARN_OBJC_IMPLICIT_RETAIN_SELF = YES;
				CLANG_WARN_OBJC_LITERAL_CONVERSION = YES;
				CLANG_WARN_OBJC_ROOT_CLASS = YES_ERROR;
				CLANG_WARN_QUOTED_INCLUDE_IN_FRAMEWORK_HEADER = YES;
				CLANG_WARN_RANGE_LOOP_ANALYSIS = YES;
				CLANG_WARN_STRICT_PROTOTYPES = YES;
				CLANG_WARN_SUSPICIOUS_MOVE = YES;
				CLANG_WARN_UNGUARDED_AVAILABILITY = YES_AGGRESSIVE;
				CLANG_WARN_UNREACHABLE_CODE = YES;
				CLANG_WARN__DUPLICATE_METHOD_MATCH = YES;
				COPY_PHASE_STRIP = NO;
				DEBUG_INFORMATION_FORMAT = dwarf;
				ENABLE_STRICT_OBJC_MSGSEND = YES;
				ENABLE_TESTABILITY = YES;
				GCC_C_LANGUAGE_STANDARD = gnu11;
				GCC_DYNAMIC_NO_PIC = NO;
				GCC_NO_COMMON_BLOCKS = YES;
				GCC_OPTIMIZATION_LEVEL = 0;
				GCC_PREPROCESSOR_DEFINITIONS = (
					"DEBUG=1",
					"$(inherited)",
				);
				GCC_WARN_64_TO_32_BIT_CONVERSION = YES;
				GCC_WARN_ABOUT_RETURN_TYPE = YES_ERROR;
				GCC_WARN_UNDECLARED_SELECTOR = YES;
				GCC_WARN_UNINITIALIZED_AUTOS = YES_AGGRESSIVE;
				GCC_WARN_UNUSED_FUNCTION = YES;
				GCC_WARN_UNUSED_VARIABLE = YES;
				IPHONEOS_DEPLOYMENT_TARGET = 14.0;
				MTL_ENABLE_DEBUG_INFO = INCLUDE_SOURCE;
				MTL_FAST_MATH = YES;
				ONLY_ACTIVE_ARCH = YES;
				SDKROOT = iphoneos;
				SWIFT_ACTIVE_COMPILATION_CONDITIONS = DEBUG;
				SWIFT_OPTIMIZATION_LEVEL = "-Onone";
			};
			name = Debug;
		};
		2E55BBCD2A330A0300CAB345 /* Release */ = {
			isa = XCBuildConfiguration;
			buildSettings = {
				ALWAYS_SEARCH_USER_PATHS = NO;
				CLANG_ANALYZER_NONNULL = YES;
				CLANG_ANALYZER_NUMBER_OBJECT_CONVERSION = YES_AGGRESSIVE;
				CLANG_CXX_LANGUAGE_STANDARD = "gnu++20";
				CLANG_ENABLE_MODULES = YES;
				CLANG_ENABLE_OBJC_ARC = YES;
				CLANG_ENABLE_OBJC_WEAK = YES;
				CLANG_WARN_BLOCK_CAPTURE_AUTORELEASING = YES;
				CLANG_WARN_BOOL_CONVERSION = YES;
				CLANG_WARN_COMMA = YES;
				CLANG_WARN_CONSTANT_CONVERSION = YES;
				CLANG_WARN_DEPRECATED_OBJC_IMPLEMENTATIONS = YES;
				CLANG_WARN_DIRECT_OBJC_ISA_USAGE = YES_ERROR;
				CLANG_WARN_DOCUMENTATION_COMMENTS = YES;
				CLANG_WARN_EMPTY_BODY = YES;
				CLANG_WARN_ENUM_CONVERSION = YES;
				CLANG_WARN_INFINITE_RECURSION = YES;
				CLANG_WARN_INT_CONVERSION = YES;
				CLANG_WARN_NON_LITERAL_NULL_CONVERSION = YES;
				CLANG_WARN_OBJC_IMPLICIT_RETAIN_SELF = YES;
				CLANG_WARN_OBJC_LITERAL_CONVERSION = YES;
				CLANG_WARN_OBJC_ROOT_CLASS = YES_ERROR;
				CLANG_WARN_QUOTED_INCLUDE_IN_FRAMEWORK_HEADER = YES;
				CLANG_WARN_RANGE_LOOP_ANALYSIS = YES;
				CLANG_WARN_STRICT_PROTOTYPES = YES;
				CLANG_WARN_SUSPICIOUS_MOVE = YES;
				CLANG_WARN_UNGUARDED_AVAILABILITY = YES_AGGRESSIVE;
				CLANG_WARN_UNREACHABLE_CODE = YES;
				CLANG_WARN__DUPLICATE_METHOD_MATCH = YES;
				COPY_PHASE_STRIP = NO;
				DEBUG_INFORMATION_FORMAT = "dwarf-with-dsym";
				ENABLE_NS_ASSERTIONS = NO;
				ENABLE_STRICT_OBJC_MSGSEND = YES;
				GCC_C_LANGUAGE_STANDARD = gnu11;
				GCC_NO_COMMON_BLOCKS = YES;
				GCC_WARN_64_TO_32_BIT_CONVERSION = YES;
				GCC_WARN_ABOUT_RETURN_TYPE = YES_ERROR;
				GCC_WARN_UNDECLARED_SELECTOR = YES;
				GCC_WARN_UNINITIALIZED_AUTOS = YES_AGGRESSIVE;
				GCC_WARN_UNUSED_FUNCTION = YES;
				GCC_WARN_UNUSED_VARIABLE = YES;
				IPHONEOS_DEPLOYMENT_TARGET = 14.0;
				MTL_ENABLE_DEBUG_INFO = NO;
				MTL_FAST_MATH = YES;
				SDKROOT = iphoneos;
				SWIFT_COMPILATION_MODE = wholemodule;
				SWIFT_OPTIMIZATION_LEVEL = "-O";
				VALIDATE_PRODUCT = YES;
			};
			name = Release;
		};
		2E55BBCF2A330A0300CAB345 /* Debug */ = {
			isa = XCBuildConfiguration;
			buildSettings = {
				ASSETCATALOG_COMPILER_APPICON_NAME = AppIcon;
				ASSETCATALOG_COMPILER_GLOBAL_ACCENT_COLOR_NAME = AccentColor;
				CODE_SIGN_STYLE = Automatic;
				CURRENT_PROJECT_VERSION = 1;
				DEVELOPMENT_ASSET_PATHS = "\"CacheAsyncImage/Preview Content\"";
				DEVELOPMENT_TEAM = 65J4V6A9L5;
				ENABLE_PREVIEWS = YES;
				GENERATE_INFOPLIST_FILE = YES;
				INFOPLIST_KEY_UIApplicationSceneManifest_Generation = YES;
				INFOPLIST_KEY_UIApplicationSupportsIndirectInputEvents = YES;
				INFOPLIST_KEY_UILaunchScreen_Generation = YES;
				INFOPLIST_KEY_UISupportedInterfaceOrientations_iPad = "UIInterfaceOrientationPortrait UIInterfaceOrientationPortraitUpsideDown UIInterfaceOrientationLandscapeLeft UIInterfaceOrientationLandscapeRight";
				INFOPLIST_KEY_UISupportedInterfaceOrientations_iPhone = "UIInterfaceOrientationPortrait UIInterfaceOrientationLandscapeLeft UIInterfaceOrientationLandscapeRight";
				IPHONEOS_DEPLOYMENT_TARGET = 14.0;
				LD_RUNPATH_SEARCH_PATHS = (
					"$(inherited)",
					"@executable_path/Frameworks",
				);
				MARKETING_VERSION = 1.0;
				PRODUCT_BUNDLE_IDENTIFIER = io.coldclouds.CacheAsyncImage;
				PRODUCT_NAME = "$(TARGET_NAME)";
				SWIFT_EMIT_LOC_STRINGS = YES;
				SWIFT_VERSION = 5.0;
				TARGETED_DEVICE_FAMILY = "1,2";
			};
			name = Debug;
		};
		2E55BBD02A330A0300CAB345 /* Release */ = {
			isa = XCBuildConfiguration;
			buildSettings = {
				ASSETCATALOG_COMPILER_APPICON_NAME = AppIcon;
				ASSETCATALOG_COMPILER_GLOBAL_ACCENT_COLOR_NAME = AccentColor;
				CODE_SIGN_STYLE = Automatic;
				CURRENT_PROJECT_VERSION = 1;
				DEVELOPMENT_ASSET_PATHS = "\"CacheAsyncImage/Preview Content\"";
				DEVELOPMENT_TEAM = 65J4V6A9L5;
				ENABLE_PREVIEWS = YES;
				GENERATE_INFOPLIST_FILE = YES;
				INFOPLIST_KEY_UIApplicationSceneManifest_Generation = YES;
				INFOPLIST_KEY_UIApplicationSupportsIndirectInputEvents = YES;
				INFOPLIST_KEY_UILaunchScreen_Generation = YES;
				INFOPLIST_KEY_UISupportedInterfaceOrientations_iPad = "UIInterfaceOrientationPortrait UIInterfaceOrientationPortraitUpsideDown UIInterfaceOrientationLandscapeLeft UIInterfaceOrientationLandscapeRight";
				INFOPLIST_KEY_UISupportedInterfaceOrientations_iPhone = "UIInterfaceOrientationPortrait UIInterfaceOrientationLandscapeLeft UIInterfaceOrientationLandscapeRight";
				IPHONEOS_DEPLOYMENT_TARGET = 14.0;
				LD_RUNPATH_SEARCH_PATHS = (
					"$(inherited)",
					"@executable_path/Frameworks",
				);
				MARKETING_VERSION = 1.0;
				PRODUCT_BUNDLE_IDENTIFIER = io.coldclouds.CacheAsyncImage;
				PRODUCT_NAME = "$(TARGET_NAME)";
				SWIFT_EMIT_LOC_STRINGS = YES;
				SWIFT_VERSION = 5.0;
				TARGETED_DEVICE_FAMILY = "1,2";
			};
			name = Release;
		};
/* End XCBuildConfiguration section */

/* Begin XCConfigurationList section */
		2E55BBBB2A330A0200CAB345 /* Build configuration list for PBXProject "CacheAsyncImage" */ = {
			isa = XCConfigurationList;
			buildConfigurations = (
				2E55BBCC2A330A0300CAB345 /* Debug */,
				2E55BBCD2A330A0300CAB345 /* Release */,
			);
			defaultConfigurationIsVisible = 0;
			defaultConfigurationName = Release;
		};
		2E55BBCE2A330A0300CAB345 /* Build configuration list for PBXNativeTarget "CacheAsyncImage" */ = {
			isa = XCConfigurationList;
			buildConfigurations = (
				2E55BBCF2A330A0300CAB345 /* Debug */,
				2E55BBD02A330A0300CAB345 /* Release */,
			);
			defaultConfigurationIsVisible = 0;
			defaultConfigurationName = Release;
		};
/* End XCConfigurationList section */
	};
	rootObject = 2E55BBB82A330A0200CAB345 /* Project object */;
}
